PODS:
  - Beacon (3.0.1)
  - Flutter (1.0.0)
  - help_scout_flutter (0.0.1):
    - Beacon
    - Flutter

DEPENDENCIES:
  - Flutter (from `Flutter`)
  - help_scout_flutter (from `.symlinks/plugins/help_scout_flutter/ios`)

SPEC REPOS:
  trunk:
    - Beacon

EXTERNAL SOURCES:
  Flutter:
    :path: Flutter
  help_scout_flutter:
    :path: ".symlinks/plugins/help_scout_flutter/ios"

SPEC CHECKSUMS:
  Beacon: e6793fcd1fefe8fe9436a0bad3e79e7678e16105
  Flutter: cabc95a1d2626b1b06e7179b784ebcf0c0cde467
  help_scout_flutter: e63d04448e87a5569900df9f3df1570a96c80abc

PODFILE CHECKSUM: 3c63482e143d1b91d2d2560aee9fb04ecc74ac7e

COCOAPODS: 1.16.2
